
Microsoft Visual Studio Solution File, Format Version 12.00
# Visual Studio 15
VisualStudioVersion = 15.0.26711.1
MinimumVisualStudioVersion = 10.0.40219.1
Project("{9A19103F-16F7-4668-BE54-9A1E7A4F7556}") = "BeeSharp", "BeeSharp\BeeSharp.csproj", "{E00953F2-4CC1-44D5-ADED-C630B5A6C19E}"
EndProject
Project("{FAE04EC0-301F-11D3-BF4B-00C04F79EFBC}") = "beesharp-tests", "..\test\beesharp-tests\beesharp-tests.csproj", "{71477C69-3AAC-4C38-9FF0-9F880D45B635}"
EndProject
Global
	GlobalSection(SolutionConfigurationPlatforms) = preSolution
		Debug|Any CPU = Debug|Any CPU
		Release|Any CPU = Release|Any CPU
	EndGlobalSection
	GlobalSection(ProjectConfigurationPlatforms) = postSolution
		{E00953F2-4CC1-44D5-ADED-C630B5A6C19E}.Debug|Any CPU.ActiveCfg = Debug|Any CPU
		{E00953F2-4CC1-44D5-ADED-C630B5A6C19E}.Debug|Any CPU.Build.0 = Debug|Any CPU
		{E00953F2-4CC1-44D5-ADED-C630B5A6C19E}.Release|Any CPU.ActiveCfg = Release|Any CPU
		{E00953F2-4CC1-44D5-ADED-C630B5A6C19E}.Release|Any CPU.Build.0 = Release|Any CPU
		{71477C69-3AAC-4C38-9FF0-9F880D45B635}.Debug|Any CPU.ActiveCfg = Debug|Any CPU
		{71477C69-3AAC-4C38-9FF0-9F880D45B635}.Debug|Any CPU.Build.0 = Debug|Any CPU
		{71477C69-3AAC-4C38-9FF0-9F880D45B635}.Release|Any CPU.ActiveCfg = Release|Any CPU
		{71477C69-3AAC-4C38-9FF0-9F880D45B635}.Release|Any CPU.Build.0 = Release|Any CPU
	EndGlobalSection
	GlobalSection(SolutionProperties) = preSolution
		HideSolutionNode = FALSE
	EndGlobalSection
	GlobalSection(ExtensibilityGlobals) = postSolution
		SolutionGuid = {170E7F25-28B7-485A-8005-67A68799A92A}
	EndGlobalSection
EndGlobal
